
Microsoft Visual Studio Solution File, Format Version 12.00
# Visual Studio Version 17
VisualStudioVersion = 17.8.34330.188
MinimumVisualStudioVersion = 10.0.40219.1
Project("{FAE04EC0-301F-11D3-BF4B-00C04F79EFBC}") = "Provaa", "Provaa\Provaa.csproj", "{EBCFB981-7A91-4306-9BD0-217BB1EB29D4}"
EndProject
Global
	GlobalSection(SolutionConfigurationPlatforms) = preSolution
		Debug|Any CPU = Debug|Any CPU
		Release|Any CPU = Release|Any CPU
	EndGlobalSection
	GlobalSection(ProjectConfigurationPlatforms) = postSolution
		{EBCFB981-7A91-4306-9BD0-217BB1EB29D4}.Debug|Any CPU.ActiveCfg = Debug|Any CPU
		{EBCFB981-7A91-4306-9BD0-217BB1EB29D4}.Debug|Any CPU.Build.0 = Debug|Any CPU
		{EBCFB981-7A91-4306-9BD0-217BB1EB29D4}.Debug|Any CPU.Deploy.0 = Debug|Any CPU
		{EBCFB981-7A91-4306-9BD0-217BB1EB29D4}.Release|Any CPU.ActiveCfg = Release|Any CPU
		{EBCFB981-7A91-4306-9BD0-217BB1EB29D4}.Release|Any CPU.Build.0 = Release|Any CPU
		{EBCFB981-7A91-4306-9BD0-217BB1EB29D4}.Release|Any CPU.Deploy.0 = Release|Any CPU
	EndGlobalSection
	GlobalSection(SolutionProperties) = preSolution
		HideSolutionNode = FALSE
	EndGlobalSection
	GlobalSection(ExtensibilityGlobals) = postSolution
		SolutionGuid = {63E727C6-A75C-438B-AEB7-0D4CF1FF91CE}
	EndGlobalSection
EndGlobal
